
Microsoft Visual Studio Solution File, Format Version 12.00
# Visual Studio Version 17
VisualStudioVersion = 17.2.32519.379
MinimumVisualStudioVersion = 10.0.40219.1
Project("{9A19103F-16F7-4668-BE54-9A1E7A4F7556}") = "PowerSQL", "PowerSQL\PowerSQL.csproj", "{A1D76298-8584-43C8-ACF6-F0A1031EA423}"
EndProject
Project("{9A19103F-16F7-4668-BE54-9A1E7A4F7556}") = "Tests", "Tests\Tests.csproj", "{59557DF3-5E5E-4172-BEC1-5C7725E64284}"
EndProject
Project("{9A19103F-16F7-4668-BE54-9A1E7A4F7556}") = "FastMember", "..\..\..\source\repos\PowerSQL\fast-member\FastMember\FastMember.csproj", "{CD1E9611-95F7-4843-8370-D76020756803}"
EndProject
Global
	GlobalSection(SolutionConfigurationPlatforms) = preSolution
		Debug|Any CPU = Debug|Any CPU
		Release|Any CPU = Release|Any CPU
	EndGlobalSection
	GlobalSection(ProjectConfigurationPlatforms) = postSolution
		{A1D76298-8584-43C8-ACF6-F0A1031EA423}.Debug|Any CPU.ActiveCfg = Debug|Any CPU
		{A1D76298-8584-43C8-ACF6-F0A1031EA423}.Debug|Any CPU.Build.0 = Debug|Any CPU
		{A1D76298-8584-43C8-ACF6-F0A1031EA423}.Release|Any CPU.ActiveCfg = Release|Any CPU
		{A1D76298-8584-43C8-ACF6-F0A1031EA423}.Release|Any CPU.Build.0 = Release|Any CPU
		{59557DF3-5E5E-4172-BEC1-5C7725E64284}.Debug|Any CPU.ActiveCfg = Debug|Any CPU
		{59557DF3-5E5E-4172-BEC1-5C7725E64284}.Debug|Any CPU.Build.0 = Debug|Any CPU
		{59557DF3-5E5E-4172-BEC1-5C7725E64284}.Release|Any CPU.ActiveCfg = Release|Any CPU
		{59557DF3-5E5E-4172-BEC1-5C7725E64284}.Release|Any CPU.Build.0 = Release|Any CPU
		{CD1E9611-95F7-4843-8370-D76020756803}.Debug|Any CPU.ActiveCfg = Debug|Any CPU
		{CD1E9611-95F7-4843-8370-D76020756803}.Debug|Any CPU.Build.0 = Debug|Any CPU
		{CD1E9611-95F7-4843-8370-D76020756803}.Release|Any CPU.ActiveCfg = Release|Any CPU
		{CD1E9611-95F7-4843-8370-D76020756803}.Release|Any CPU.Build.0 = Release|Any CPU
	EndGlobalSection
	GlobalSection(SolutionProperties) = preSolution
		HideSolutionNode = FALSE
	EndGlobalSection
	GlobalSection(ExtensibilityGlobals) = postSolution
		SolutionGuid = {CA6AFCEA-70F0-4C08-B8E0-174C632EAC43}
	EndGlobalSection
EndGlobal
